
Microsoft Visual Studio Solution File, Format Version 12.00
# Visual Studio Version 17
VisualStudioVersion = 17.8.34525.116
MinimumVisualStudioVersion = 10.0.40219.1
Project("{FAE04EC0-301F-11D3-BF4B-00C04F79EFBC}") = "Web", "Web\Web.csproj", "{7ED95A6C-5C04-42E3-8E18-9ADA97477BDB}"
EndProject
Project("{FAE04EC0-301F-11D3-BF4B-00C04F79EFBC}") = "EmployeeManagement.Core", "EmployeeManagement.Core\EmployeeManagement.Core.csproj", "{F67981FF-E9DD-430C-B7F5-4C8C3F71BA28}"
EndProject
Global
	GlobalSection(SolutionConfigurationPlatforms) = preSolution
		Debug|Any CPU = Debug|Any CPU
		Release|Any CPU = Release|Any CPU
	EndGlobalSection
	GlobalSection(ProjectConfigurationPlatforms) = postSolution
		{7ED95A6C-5C04-42E3-8E18-9ADA97477BDB}.Debug|Any CPU.ActiveCfg = Debug|Any CPU
		{7ED95A6C-5C04-42E3-8E18-9ADA97477BDB}.Debug|Any CPU.Build.0 = Debug|Any CPU
		{7ED95A6C-5C04-42E3-8E18-9ADA97477BDB}.Release|Any CPU.ActiveCfg = Release|Any CPU
		{7ED95A6C-5C04-42E3-8E18-9ADA97477BDB}.Release|Any CPU.Build.0 = Release|Any CPU
		{F67981FF-E9DD-430C-B7F5-4C8C3F71BA28}.Debug|Any CPU.ActiveCfg = Debug|Any CPU
		{F67981FF-E9DD-430C-B7F5-4C8C3F71BA28}.Debug|Any CPU.Build.0 = Debug|Any CPU
		{F67981FF-E9DD-430C-B7F5-4C8C3F71BA28}.Release|Any CPU.ActiveCfg = Release|Any CPU
		{F67981FF-E9DD-430C-B7F5-4C8C3F71BA28}.Release|Any CPU.Build.0 = Release|Any CPU
	EndGlobalSection
	GlobalSection(SolutionProperties) = preSolution
		HideSolutionNode = FALSE
	EndGlobalSection
	GlobalSection(ExtensibilityGlobals) = postSolution
		SolutionGuid = {3524CF44-AB2D-48CD-9B36-0D699F82C130}
	EndGlobalSection
EndGlobal
